
Microsoft Visual Studio Solution File, Format Version 12.00
# Visual Studio 15
Project("{FAE04EC0-301F-11D3-BF4B-00C04F79EFBC}") = "Assembly-CSharp-Editor", "Assembly-CSharp-Editor.csproj", "{DAC12E6E-F65B-6240-8B1A-0A4733A85D87}"
EndProject
Project("{FAE04EC0-301F-11D3-BF4B-00C04F79EFBC}") = "Assembly-CSharp", "Assembly-CSharp.csproj", "{0FD570BA-8C7F-CE49-F793-E3BAF842F800}"
EndProject
Global
	GlobalSection(SolutionConfigurationPlatforms) = preSolution
		Debug|Any CPU = Debug|Any CPU
		Release|Any CPU = Release|Any CPU
	EndGlobalSection
	GlobalSection(ProjectConfigurationPlatforms) = postSolution
		{DAC12E6E-F65B-6240-8B1A-0A4733A85D87}.Debug|Any CPU.ActiveCfg = Debug|Any CPU
		{DAC12E6E-F65B-6240-8B1A-0A4733A85D87}.Debug|Any CPU.Build.0 = Debug|Any CPU
		{DAC12E6E-F65B-6240-8B1A-0A4733A85D87}.Release|Any CPU.ActiveCfg = Release|Any CPU
		{DAC12E6E-F65B-6240-8B1A-0A4733A85D87}.Release|Any CPU.Build.0 = Release|Any CPU
		{0FD570BA-8C7F-CE49-F793-E3BAF842F800}.Debug|Any CPU.ActiveCfg = Debug|Any CPU
		{0FD570BA-8C7F-CE49-F793-E3BAF842F800}.Debug|Any CPU.Build.0 = Debug|Any CPU
		{0FD570BA-8C7F-CE49-F793-E3BAF842F800}.Release|Any CPU.ActiveCfg = Release|Any CPU
		{0FD570BA-8C7F-CE49-F793-E3BAF842F800}.Release|Any CPU.Build.0 = Release|Any CPU
	EndGlobalSection
	GlobalSection(SolutionProperties) = preSolution
		HideSolutionNode = FALSE
	EndGlobalSection
EndGlobal
